Microsoft Visual Studio Solution File, Format Version 12.00
# Visual Studio Version 17
VisualStudioVersion = 17.5.2.0
MinimumVisualStudioVersion = 10.0.40219.1
Project("{FAE04EC0-301F-11D3-BF4B-00C04F79EFBC}") = "Simple-Product-API", "Simple-Product-API.csproj", "{CD6425DA-1EB5-02AF-1BD0-005E8FFAA8F2}"
EndProject
Global
	GlobalSection(SolutionConfigurationPlatforms) = preSolution
		Debug|Any CPU = Debug|Any CPU
		Release|Any CPU = Release|Any CPU
	EndGlobalSection
	GlobalSection(ProjectConfigurationPlatforms) = postSolution
		{CD6425DA-1EB5-02AF-1BD0-005E8FFAA8F2}.Debug|Any CPU.ActiveCfg = Debug|Any CPU
		{CD6425DA-1EB5-02AF-1BD0-005E8FFAA8F2}.Debug|Any CPU.Build.0 = Debug|Any CPU
		{CD6425DA-1EB5-02AF-1BD0-005E8FFAA8F2}.Release|Any CPU.ActiveCfg = Release|Any CPU
		{CD6425DA-1EB5-02AF-1BD0-005E8FFAA8F2}.Release|Any CPU.Build.0 = Release|Any CPU
	EndGlobalSection
	GlobalSection(SolutionProperties) = preSolution
		HideSolutionNode = FALSE
	EndGlobalSection
	GlobalSection(ExtensibilityGlobals) = postSolution
		SolutionGuid = {448C4EC4-2425-44F5-A183-99F5A6CE41B1}
	EndGlobalSection
EndGlobal
